
Microsoft Visual Studio Solution File, Format Version 12.00
# Visual Studio Version 17
VisualStudioVersion = 17.5.002.0
MinimumVisualStudioVersion = 10.0.40219.1
Project("{9A19103F-16F7-4668-BE54-9A1E7A4F7556}") = "final-test1", "final-test1.csproj", "{49147110-010C-4F4A-868C-B370FEA2DCC8}"
EndProject
Global
	GlobalSection(SolutionConfigurationPlatforms) = preSolution
		Debug|Any CPU = Debug|Any CPU
		Release|Any CPU = Release|Any CPU
	EndGlobalSection
	GlobalSection(ProjectConfigurationPlatforms) = postSolution
		{49147110-010C-4F4A-868C-B370FEA2DCC8}.Debug|Any CPU.ActiveCfg = Debug|Any CPU
		{49147110-010C-4F4A-868C-B370FEA2DCC8}.Debug|Any CPU.Build.0 = Debug|Any CPU
		{49147110-010C-4F4A-868C-B370FEA2DCC8}.Release|Any CPU.ActiveCfg = Release|Any CPU
		{49147110-010C-4F4A-868C-B370FEA2DCC8}.Release|Any CPU.Build.0 = Release|Any CPU
	EndGlobalSection
	GlobalSection(SolutionProperties) = preSolution
		HideSolutionNode = FALSE
	EndGlobalSection
	GlobalSection(ExtensibilityGlobals) = postSolution
		SolutionGuid = {CD466119-360D-44C8-A241-B23676B1DF13}
	EndGlobalSection
EndGlobal
